<Solution>
  <Folder Name="/src/" />
  <Folder Name="/src/API/" />
  <Folder Name="/src/Core/">
    <Project Path="HR_LeaveManagement.Application/HR_LeaveManagement.Application.csproj" />
    <Project Path="HR_LeaveManagement.Domain/HR_LeaveManagement.Domain.csproj" />
  </Folder>
  <Folder Name="/src/Infrastructure/" />
  <Folder Name="/src/UI/" />
  <Folder Name="/test/" />
</Solution>
